
Microsoft Visual Studio Solution File, Format Version 12.00
# Visual Studio Version 16
VisualStudioVersion = 16.0.30804.86
MinimumVisualStudioVersion = 10.0.40219.1
Project("{FAE04EC0-301F-11D3-BF4B-00C04F79EFBC}") = "Cap10", "Cap10\Cap10.csproj", "{10289A51-01A7-433E-BA17-32259BEE71D6}"
EndProject
Global
	GlobalSection(SolutionConfigurationPlatforms) = preSolution
		Debug|Any CPU = Debug|Any CPU
		Release|Any CPU = Release|Any CPU
	EndGlobalSection
	GlobalSection(ProjectConfigurationPlatforms) = postSolution
		{10289A51-01A7-433E-BA17-32259BEE71D6}.Debug|Any CPU.ActiveCfg = Debug|Any CPU
		{10289A51-01A7-433E-BA17-32259BEE71D6}.Debug|Any CPU.Build.0 = Debug|Any CPU
		{10289A51-01A7-433E-BA17-32259BEE71D6}.Release|Any CPU.ActiveCfg = Release|Any CPU
		{10289A51-01A7-433E-BA17-32259BEE71D6}.Release|Any CPU.Build.0 = Release|Any CPU
	EndGlobalSection
	GlobalSection(SolutionProperties) = preSolution
		HideSolutionNode = FALSE
	EndGlobalSection
	GlobalSection(ExtensibilityGlobals) = postSolution
		SolutionGuid = {4A2A6B57-B7A2-4191-A728-5DA8B4940450}
	EndGlobalSection
EndGlobal
